{
  "name": "task",
  "version": "1.0.0",
  "lockfileVersion": 1,
  "requires": true,
  "dependencies": {
    "count": {
      "version": "0.1.4",
      "resolved": "https://registry.npmjs.org/count/-/count-0.1.4.tgz",
      "integrity": "sha1-uEJwhjsedW7slxT1PhgnL87ZkoI="
    },
    "litter": {
      "version": "0.0.1",
      "resolved": "https://registry.npmjs.org/litter/-/litter-0.0.1.tgz",
      "integrity": "sha1-/dSUFEfcjFpSDOVJT03dJaI1KA8="
    },
    "underscore": {
      "version": "1.9.1",
      "resolved": "https://registry.npmjs.org/underscore/-/underscore-1.9.1.tgz",
      "integrity": "sha512-5/4etnCkd9c8gwgowi5/om/mYO5ajCaOgdzj/oW+0eQV9WxKBDZw5+ycmKmeaTXjInS/W0BzpGLo2xR2aBwZdg=="
    }
  }
}
